%{
  "backoff": {:hex, :backoff, "1.1.6", "83b72ed2108ba1ee8f7d1c22e0b4a00cfe3593a67dbc792799e8cce9f42f796b", [:rebar3], [], "hexpm", "cf0cfff8995fb20562f822e5cc47d8ccf664c5ecdc26a684cbe85c225f9d7c39"},
  "cowboy": {:hex, :cowboy, "2.8.0", "f3dc62e35797ecd9ac1b50db74611193c29815401e53bac9a5c0577bd7bc667d", [:rebar3], [{:cowlib, "~> 2.9.1", [hex: :cowlib, repo: "hexpm", optional: false]}, {:ranch, "~> 1.7.1", [hex: :ranch, repo: "hexpm", optional: false]}], "hexpm", "4643e4fba74ac96d4d152c75803de6fad0b3fa5df354c71afdd6cbeeb15fac8a"},
  "cowlib": {:hex, :cowlib, "2.9.1", "61a6c7c50cf07fdd24b2f45b89500bb93b6686579b069a89f88cb211e1125c78", [:rebar3], [], "hexpm", "e4175dc240a70d996156160891e1c62238ede1729e45740bdd38064dad476170"},
  "earmark": {:hex, :earmark, "1.4.10", "bddce5e8ea37712a5bfb01541be8ba57d3b171d3fa4f80a0be9bcf1db417bcaf", [:mix], [{:earmark_parser, ">= 1.4.10", [hex: :earmark_parser, repo: "hexpm", optional: false]}], "hexpm", "12dbfa80810478e521d3ffb941ad9fbfcbbd7debe94e1341b4c4a1b2411c1c27"},
  "earmark_parser": {:hex, :earmark_parser, "1.4.10", "6603d7a603b9c18d3d20db69921527f82ef09990885ed7525003c7fe7dc86c56", [:mix], [], "hexpm", "8e2d5370b732385db2c9b22215c3f59c84ac7dda7ed7e544d7c459496ae519c0"},
  "gleam_bitwise": {:hex, :gleam_bitwise, "1.0.2", "d12e9c60918244dcce8c5214b2188962d60837431c5040aeb77fbfefe45fe154", [:rebar3], [{:gleam_stdlib, "~> 0.9", [hex: :gleam_stdlib, repo: "hexpm", optional: false]}], "hexpm", "3c0a8a141597acd39f8f8809f1cda6fd51acfe3da909cd20291edf6b8a7128ea"},
  "gleam_cowboy": {:hex, :gleam_cowboy, "0.2.2", "31ba888576631fe382fddef9625444c43815eab50496186e818a9f5d3baaa303", [:rebar3], [{:cowboy, "~> 2.8", [hex: :cowboy, repo: "hexpm", optional: false]}, {:gleam_http, "~> 1.6", [hex: :gleam_http, repo: "hexpm", optional: false]}, {:gleam_otp, "~> 0.1", [hex: :gleam_otp, repo: "hexpm", optional: false]}, {:gleam_stdlib, "~> 0.12", [hex: :gleam_stdlib, repo: "hexpm", optional: false]}], "hexpm", "995e18ac5a3676de0a972885abc1de1a1429dae1209ef514a8ae0b190587dc2a"},
  "gleam_crypto": {:hex, :gleam_crypto, "0.1.2", "069aea03c3a21bb0e57341a751213b48f363b591c8580100ebbe86fb08dd5ce5", [:rebar3], [{:gleam_bitwise, "~> 1.0", [hex: :gleam_bitwise, repo: "hexpm", optional: false]}, {:gleam_stdlib, "~> 0.10", [hex: :gleam_stdlib, repo: "hexpm", optional: false]}], "hexpm", "9306aa9d35f4e758460b463d15da6031fa157204acecf8db8788ebc96ec42f35"},
  "gleam_http": {:hex, :gleam_http, "1.6.0", "7d37b0287ea47a47987da5fd7cadb75db9c96c3192d7c28c2182cd793496784f", [:rebar3], [{:gleam_stdlib, "~> 0.12", [hex: :gleam_stdlib, repo: "hexpm", optional: false]}], "hexpm", "1dd7e0f0103de27b1f5f985c0b146446c9d2726ef3b3525e8765d1e02fbe3926"},
  "gleam_httpc": {:hex, :gleam_httpc, "0.1.1", "4f043d1cd5cabc0a698dc38458ef590a4295df67ad87d20ea8d6d15f66cc8124", [:rebar3], [{:gleam_http, "~> 1.3", [hex: :gleam_http, repo: "hexpm", optional: false]}, {:gleam_stdlib, "~> 0.10.1", [hex: :gleam_stdlib, repo: "hexpm", optional: false]}], "hexpm", "429afba1594e94c76096cffd75e0b2bd8d7ad9e8cf13a9120bceb4cd4e801fa2"},
  "gleam_json": {:hex, :gleam_json, "0.1.0", "8740eb85e079f38a15f2627d53c306491d90c43c423aae56a4abc371319cc346", [:rebar3], [{:gleam_stdlib, "0.10.1", [hex: :gleam_stdlib, repo: "hexpm", optional: false]}, {:jsone, "1.5.2", [hex: :jsone, repo: "hexpm", optional: false]}], "hexpm", "8c6f144bc4f2ddcb0347a84c4dee134bd771a8a7c95c135a31d373d5ea95652b"},
  "gleam_otp": {:hex, :gleam_otp, "0.1.3", "1501f9f838b254b854b7d0894113790a444096eccabc2f7010f56c643aeb7d96", [:rebar3], [{:gleam_stdlib, "~> 0.11", [hex: :gleam_stdlib, repo: "hexpm", optional: false]}], "hexpm", "4c914e4c73e311d546e4bc17812a3a6acdf49c68750ce2ccdf98f93da742ccb6"},
  "gleam_pgo": {:hex, :gleam_pgo, "0.1.0", "5374a40ff5b6a697c9ec0ca4e8d27911eea50e22d905e9be7603f12bee14f2ee", [:rebar3], [{:gleam_otp, "0.0.1", [hex: :gleam_otp, repo: "hexpm", optional: false]}, {:gleam_stdlib, "0.10.1", [hex: :gleam_stdlib, repo: "hexpm", optional: false]}, {:pgo, "0.11.1", [hex: :pgo, repo: "hexpm", optional: false]}], "hexpm", "d4963a25479d52912cb2328308ee74b5c043e3e5121a9ea0d23265c00aa45d20"},
  "gleam_stdlib": {:hex, :gleam_stdlib, "0.12.0", "722b00f9a08e44d9582922b4ef6e890ca60e2caebefe81192f3cc8d337f2f0cf", [:rebar3], [], "hexpm", "c3435f25629ed5f2c0d53a1bc2fdf89acdffa75f036cb27396c1ef70396f644a"},
  "jsone": {:hex, :jsone, "1.5.2", "87adea283c9cf24767b4deed44602989a5331156df5d60a2660e9c9114d54046", [:rebar3], [], "hexpm", "170c171ce7f6dd70c858065154a3305b8564833c6dcca17e10b676ca31ea976f"},
  "mix_gleam": {:hex, :mix_gleam, "0.1.0", "a0cee5d30de865124a32ca6cd53b64c3e2ac57f12adf6e47b88fb673f47c716e", [:mix], [], "hexpm", "9ff518e6aab444c7f2e74038f9383020ef89810cf1f4402911f33b202ffd72e7"},
  "pg_types": {:hex, :pg_types, "0.4.0", "3ce365c92903c5bb59c0d56382d842c8c610c1b6f165e20c4b652c96fa7e9c14", [:rebar3], [], "hexpm", "b02efa785caececf9702c681c80a9ca12a39f9161a846ce17b01fb20aeeed7eb"},
  "pgo": {:hex, :pgo, "0.11.1", "4b699096e0c5009610ab063f68b97d1b45fd4bafa286ed5ffc6744da07f7b6a6", [:rebar3], [{:backoff, "~> 1.1.6", [hex: :backoff, repo: "hexpm", optional: false]}, {:pg_types, "~> 0.3", [hex: :pg_types, repo: "hexpm", optional: false]}, {:telemetry, "~> 0.4.0", [hex: :telemetry, repo: "hexpm", optional: false]}], "hexpm", "30f38ca823a98c41ef23967d133e91b45ad14aee0766f4773e88bccf46ba17a5"},
  "ranch": {:hex, :ranch, "1.7.1", "6b1fab51b49196860b733a49c07604465a47bdb78aa10c1c16a3d199f7f8c881", [:rebar3], [], "hexpm", "451d8527787df716d99dc36162fca05934915db0b6141bbdac2ea8d3c7afc7d7"},
  "telemetry": {:hex, :telemetry, "0.4.2", "2808c992455e08d6177322f14d3bdb6b625fbcfd233a73505870d8738a2f4599", [:rebar3], [], "hexpm", "2d1419bd9dda6a206d7b5852179511722e2b18812310d304620c7bd92a13fcef"},
}
